
Microsoft Visual Studio Solution File, Format Version 12.00
# Visual Studio 15
VisualStudioVersion = 15.0.27703.2042
MinimumVisualStudioVersion = 10.0.40219.1
Project("{FAE04EC0-301F-11D3-BF4B-00C04F79EFBC}") = "CarDealer.App", "CarDealer.App\CarDealer.App.csproj", "{53BA95F5-03AB-4735-9237-45BDC8884BBA}"
EndProject
Project("{FAE04EC0-301F-11D3-BF4B-00C04F79EFBC}") = "CarDealer.Models", "CarDealer.Models\CarDealer.Models.csproj", "{79484671-18DE-46C7-8425-637B5FCFE0DE}"
EndProject
Project("{FAE04EC0-301F-11D3-BF4B-00C04F79EFBC}") = "CarDealer.Data", "CarDealer.Data\CarDealer.Data.csproj", "{D7087064-F8E8-4BFB-B970-2E790F9E9B9B}"
EndProject
Global
	GlobalSection(SolutionConfigurationPlatforms) = preSolution
		Debug|Any CPU = Debug|Any CPU
		Release|Any CPU = Release|Any CPU
	EndGlobalSection
	GlobalSection(ProjectConfigurationPlatforms) = postSolution
		{53BA95F5-03AB-4735-9237-45BDC8884BBA}.Debug|Any CPU.ActiveCfg = Debug|Any CPU
		{53BA95F5-03AB-4735-9237-45BDC8884BBA}.Debug|Any CPU.Build.0 = Debug|Any CPU
		{53BA95F5-03AB-4735-9237-45BDC8884BBA}.Release|Any CPU.ActiveCfg = Release|Any CPU
		{53BA95F5-03AB-4735-9237-45BDC8884BBA}.Release|Any CPU.Build.0 = Release|Any CPU
		{79484671-18DE-46C7-8425-637B5FCFE0DE}.Debug|Any CPU.ActiveCfg = Debug|Any CPU
		{79484671-18DE-46C7-8425-637B5FCFE0DE}.Debug|Any CPU.Build.0 = Debug|Any CPU
		{79484671-18DE-46C7-8425-637B5FCFE0DE}.Release|Any CPU.ActiveCfg = Release|Any CPU
		{79484671-18DE-46C7-8425-637B5FCFE0DE}.Release|Any CPU.Build.0 = Release|Any CPU
		{D7087064-F8E8-4BFB-B970-2E790F9E9B9B}.Debug|Any CPU.ActiveCfg = Debug|Any CPU
		{D7087064-F8E8-4BFB-B970-2E790F9E9B9B}.Debug|Any CPU.Build.0 = Debug|Any CPU
		{D7087064-F8E8-4BFB-B970-2E790F9E9B9B}.Release|Any CPU.ActiveCfg = Release|Any CPU
		{D7087064-F8E8-4BFB-B970-2E790F9E9B9B}.Release|Any CPU.Build.0 = Release|Any CPU
	EndGlobalSection
	GlobalSection(SolutionProperties) = preSolution
		HideSolutionNode = FALSE
	EndGlobalSection
	GlobalSection(ExtensibilityGlobals) = postSolution
		SolutionGuid = {84299BB0-204C-47C0-8524-4F490CF477F0}
	EndGlobalSection
EndGlobal
